PODS:
  - Alamofire (4.8.2)
  - IQKeyboardManagerSwift (6.4.1)
  - SwiftyRSA (1.5.0):
    - SwiftyRSA/ObjC (= 1.5.0)
  - SwiftyRSA/ObjC (1.5.0)

DEPENDENCIES:
  - Alamofire
  - IQKeyboardManagerSwift
  - SwiftyRSA

SPEC REPOS:
  https://github.com/CocoaPods/Specs.git:
    - Alamofire
    - IQKeyboardManagerSwift
  trunk:
    - SwiftyRSA

SPEC CHECKSUMS:
  Alamofire: ae5c501addb7afdbb13687d7f2f722c78734c2d3
  IQKeyboardManagerSwift: d2df660d0b8d64a15cb2537c9ff303213fa515b2
  SwiftyRSA: 6e528fb1b1a87d5111c48081083b141d6d65f1cf

PODFILE CHECKSUM: 6e7cffc73648390b5eff07ecdfc3ef456da56c0c

COCOAPODS: 1.8.0.beta.1
